
Microsoft Visual Studio Solution File, Format Version 12.00
# Visual Studio Version 17
VisualStudioVersion = 17.11.35327.3
MinimumVisualStudioVersion = 10.0.40219.1
Project("{FAE04EC0-301F-11D3-BF4B-00C04F79EFBC}") = "2-amaliy ish", "2-amaliy ish\2-amaliy ish.csproj", "{DDB3C837-5B73-4CD1-9767-8D3CA7BB7649}"
EndProject
Global
	GlobalSection(SolutionConfigurationPlatforms) = preSolution
		Debug|Any CPU = Debug|Any CPU
		Release|Any CPU = Release|Any CPU
	EndGlobalSection
	GlobalSection(ProjectConfigurationPlatforms) = postSolution
		{DDB3C837-5B73-4CD1-9767-8D3CA7BB7649}.Debug|Any CPU.ActiveCfg = Debug|Any CPU
		{DDB3C837-5B73-4CD1-9767-8D3CA7BB7649}.Debug|Any CPU.Build.0 = Debug|Any CPU
		{DDB3C837-5B73-4CD1-9767-8D3CA7BB7649}.Debug|Any CPU.Deploy.0 = Debug|Any CPU
		{DDB3C837-5B73-4CD1-9767-8D3CA7BB7649}.Release|Any CPU.ActiveCfg = Release|Any CPU
		{DDB3C837-5B73-4CD1-9767-8D3CA7BB7649}.Release|Any CPU.Build.0 = Release|Any CPU
		{DDB3C837-5B73-4CD1-9767-8D3CA7BB7649}.Release|Any CPU.Deploy.0 = Release|Any CPU
	EndGlobalSection
	GlobalSection(SolutionProperties) = preSolution
		HideSolutionNode = FALSE
	EndGlobalSection
	GlobalSection(ExtensibilityGlobals) = postSolution
		SolutionGuid = {DF124A1C-0370-4DC3-83B1-F61A4A86D097}
	EndGlobalSection
EndGlobal
